
Microsoft Visual Studio Solution File, Format Version 12.00
Project("{FAE04EC0-301F-11D3-BF4B-00C04F79EFBC}") = "Program", "Program\Program.csproj", "{C3C2B96A-21F5-40A3-BDCB-233F4A16301F}"
EndProject
Global
	GlobalSection(SolutionConfigurationPlatforms) = preSolution
		Debug|Any CPU = Debug|Any CPU
		Release|Any CPU = Release|Any CPU
	EndGlobalSection
	GlobalSection(ProjectConfigurationPlatforms) = postSolution
		{C3C2B96A-21F5-40A3-BDCB-233F4A16301F}.Debug|Any CPU.ActiveCfg = Debug|Any CPU
		{C3C2B96A-21F5-40A3-BDCB-233F4A16301F}.Debug|Any CPU.Build.0 = Debug|Any CPU
		{C3C2B96A-21F5-40A3-BDCB-233F4A16301F}.Release|Any CPU.ActiveCfg = Release|Any CPU
		{C3C2B96A-21F5-40A3-BDCB-233F4A16301F}.Release|Any CPU.Build.0 = Release|Any CPU
	EndGlobalSection
EndGlobal
